// !$*UTF8*$!
{
	archiveVersion = 1;
	classes = {
	};
	objectVersion = 46;
	objects = {

/* Begin PBXBuildFile section */
		187A783F13AA1D340071A099 /* Default.png in Resources */ = {isa = PBXBuildFile; fileRef = 187A783E13AA1D340071A099 /* Default.png */; };
		189E66C0139C9C7A00A7FD18 /* UIKit.framework in Frameworks */ = {isa = PBXBuildFile; fileRef = 189E66BF139C9C7A00A7FD18 /* UIKit.framework */; };
		189E66C2139C9C7A00A7FD18 /* Foundation.framework in Frameworks */ = {isa = PBXBuildFile; fileRef = 189E66C1139C9C7A00A7FD18 /* Foundation.framework */; };
		189E66C4139C9C7A00A7FD18 /* CoreGraphics.framework in Frameworks */ = {isa = PBXBuildFile; fileRef = 189E66C3139C9C7A00A7FD18 /* CoreGraphics.framework */; };
		189E66CA139C9C7A00A7FD18 /* InfoPlist.strings in Resources */ = {isa = PBXBuildFile; fileRef = 189E66C8139C9C7A00A7FD18 /* InfoPlist.strings */; };
		189E66CD139C9C7A00A7FD18 /* main.m in Sources */ = {isa = PBXBuildFile; fileRef = 189E66CC139C9C7A00A7FD18 /* main.m */; };
		189E66D0139C9C7A00A7FD18 /* shifting_listAppDelegate.m in Sources */ = {isa = PBXBuildFile; fileRef = 189E66CF139C9C7A00A7FD18 /* shifting_listAppDelegate.m */; };
		189E66D3139C9C7A00A7FD18 /* MainWindow.xib in Resources */ = {isa = PBXBuildFile; fileRef = 189E66D1139C9C7A00A7FD18 /* MainWindow.xib */; };
		189E66D6139C9C7A00A7FD18 /* RootViewController.m in Sources */ = {isa = PBXBuildFile; fileRef = 189E66D5139C9C7A00A7FD18 /* RootViewController.m */; };
		189E66D9139C9C7A00A7FD18 /* RootViewController.xib in Resources */ = {isa = PBXBuildFile; fileRef = 189E66D7139C9C7A00A7FD18 /* RootViewController.xib */; };
		189E66E0139C9C7B00A7FD18 /* UIKit.framework in Frameworks */ = {isa = PBXBuildFile; fileRef = 189E66BF139C9C7A00A7FD18 /* UIKit.framework */; };
		189E66E1139C9C7B00A7FD18 /* Foundation.framework in Frameworks */ = {isa = PBXBuildFile; fileRef = 189E66C1139C9C7A00A7FD18 /* Foundation.framework */; };
		189E66E2139C9C7B00A7FD18 /* CoreGraphics.framework in Frameworks */ = {isa = PBXBuildFile; fileRef = 189E66C3139C9C7A00A7FD18 /* CoreGraphics.framework */; };
		189E66EA139C9C7B00A7FD18 /* InfoPlist.strings in Resources */ = {isa = PBXBuildFile; fileRef = 189E66E8139C9C7B00A7FD18 /* InfoPlist.strings */; };
		189E66ED139C9C7B00A7FD18 /* shifting_listTests.h in Resources */ = {isa = PBXBuildFile; fileRef = 189E66EC139C9C7B00A7FD18 /* shifting_listTests.h */; };
		189E66EF139C9C7B00A7FD18 /* shifting_listTests.m in Sources */ = {isa = PBXBuildFile; fileRef = 189E66EE139C9C7B00A7FD18 /* shifting_listTests.m */; };
		189E676B139DF1C200A7FD18 /* Icon@2x.png in Resources */ = {isa = PBXBuildFile; fileRef = 189E676A139DF1C200A7FD18 /* Icon@2x.png */; };
/* End PBXBuildFile section */

/* Begin PBXContainerItemProxy section */
		189E66E3139C9C7B00A7FD18 /* PBXContainerItemProxy */ = {
			isa = PBXContainerItemProxy;
			containerPortal = 189E66B2139C9C7A00A7FD18 /* Project object */;
			proxyType = 1;
			remoteGlobalIDString = 189E66BA139C9C7A00A7FD18;
			remoteInfo = "shifting list";
		};
/* End PBXContainerItemProxy section */

/* Begin PBXFileReference section */
		187A783E13AA1D340071A099 /* Default.png */ = {isa = PBXFileReference; lastKnownFileType = image.png; path = Default.png; sourceTree = "<group>"; };
		189E66BB139C9C7A00A7FD18 /* shifting list.app */ = {isa = PBXFileReference; explicitFileType = wrapper.application; includeInIndex = 0; path = "shifting list.app"; sourceTree = BUILT_PRODUCTS_DIR; };
		189E66BF139C9C7A00A7FD18 /* UIKit.framework */ = {isa = PBXFileReference; lastKnownFileType = wrapper.framework; name = UIKit.framework; path = System/Library/Frameworks/UIKit.framework; sourceTree = SDKROOT; };
		189E66C1139C9C7A00A7FD18 /* Foundation.framework */ = {isa = PBXFileReference; lastKnownFileType = wrapper.framework; name = Foundation.framework; path = System/Library/Frameworks/Foundation.framework; sourceTree = SDKROOT; };
		189E66C3139C9C7A00A7FD18 /* CoreGraphics.framework */ = {isa = PBXFileReference; lastKnownFileType = wrapper.framework; name = CoreGraphics.framework; path = System/Library/Frameworks/CoreGraphics.framework; sourceTree = SDKROOT; };
		189E66C7139C9C7A00A7FD18 /* shifting list-Info.plist */ = {isa = PBXFileReference; lastKnownFileType = text.plist.xml; path = "shifting list-Info.plist"; sourceTree = "<group>"; };
		189E66C9139C9C7A00A7FD18 /* en */ = {isa = PBXFileReference; lastKnownFileType = text.plist.strings; name = en; path = en.lproj/InfoPlist.strings; sourceTree = "<group>"; };
		189E66CB139C9C7A00A7FD18 /* shifting list-Prefix.pch */ = {isa = PBXFileReference; lastKnownFileType = sourcecode.c.h; path = "shifting list-Prefix.pch"; sourceTree = "<group>"; };
		189E66CC139C9C7A00A7FD18 /* main.m */ = {isa = PBXFileReference; lastKnownFileType = sourcecode.c.objc; path = main.m; sourceTree = "<group>"; };
		189E66CE139C9C7A00A7FD18 /* shifting_listAppDelegate.h */ = {isa = PBXFileReference; lastKnownFileType = sourcecode.c.h; path = shifting_listAppDelegate.h; sourceTree = "<group>"; };
		189E66CF139C9C7A00A7FD18 /* shifting_listAppDelegate.m */ = {isa = PBXFileReference; lastKnownFileType = sourcecode.c.objc; path = shifting_listAppDelegate.m; sourceTree = "<group>"; };
		189E66D2139C9C7A00A7FD18 /* en */ = {isa = PBXFileReference; lastKnownFileType = file.xib; name = en; path = en.lproj/MainWindow.xib; sourceTree = "<group>"; };
		189E66D4139C9C7A00A7FD18 /* RootViewController.h */ = {isa = PBXFileReference; lastKnownFileType = sourcecode.c.h; path = RootViewController.h; sourceTree = "<group>"; };
		189E66D5139C9C7A00A7FD18 /* RootViewController.m */ = {isa = PBXFileReference; lastKnownFileType = sourcecode.c.objc; path = RootViewController.m; sourceTree = "<group>"; };
		189E66D8139C9C7A00A7FD18 /* en */ = {isa = PBXFileReference; lastKnownFileType = file.xib; name = en; path = en.lproj/RootViewController.xib; sourceTree = "<group>"; };
		189E66DF139C9C7B00A7FD18 /* shifting listTests.octest */ = {isa = PBXFileReference; explicitFileType = wrapper.cfbundle; includeInIndex = 0; path = "shifting listTests.octest"; sourceTree = BUILT_PRODUCTS_DIR; };
		189E66E7139C9C7B00A7FD18 /* shifting listTests-Info.plist */ = {isa = PBXFileReference; lastKnownFileType = text.plist.xml; path = "shifting listTests-Info.plist"; sourceTree = "<group>"; };
		189E66E9139C9C7B00A7FD18 /* en */ = {isa = PBXFileReference; lastKnownFileType = text.plist.strings; name = en; path = en.lproj/InfoPlist.strings; sourceTree = "<group>"; };
		189E66EB139C9C7B00A7FD18 /* shifting listTests-Prefix.pch */ = {isa = PBXFileReference; lastKnownFileType = sourcecode.c.h; path = "shifting listTests-Prefix.pch"; sourceTree = "<group>"; };
		189E66EC139C9C7B00A7FD18 /* shifting_listTests.h */ = {isa = PBXFileReference; lastKnownFileType = sourcecode.c.h; path = shifting_listTests.h; sourceTree = "<group>"; };
		189E66EE139C9C7B00A7FD18 /* shifting_listTests.m */ = {isa = PBXFileReference; lastKnownFileType = sourcecode.c.objc; path = shifting_listTests.m; sourceTree = "<group>"; };
		189E676A139DF1C200A7FD18 /* Icon@2x.png */ = {isa = PBXFileReference; lastKnownFileType = image.png; path = "Icon@2x.png"; sourceTree = "<group>"; };
/* End PBXFileReference section */

/* Begin PBXFrameworksBuildPhase section */
		189E66B8139C9C7A00A7FD18 /* Frameworks */ = {
			isa = PBXFrameworksBuildPhase;
			buildActionMask = 2147483647;
			files = (
				189E66C0139C9C7A00A7FD18 /* UIKit.framework in Frameworks */,
				189E66C2139C9C7A00A7FD18 /* Foundation.framework in Frameworks */,
				189E66C4139C9C7A00A7FD18 /* CoreGraphics.framework in Frameworks */,
			);
			runOnlyForDeploymentPostprocessing = 0;
		};
		189E66DB139C9C7B00A7FD18 /* Frameworks */ = {
			isa = PBXFrameworksBuildPhase;
			buildActionMask = 2147483647;
			files = (
				189E66E0139C9C7B00A7FD18 /* UIKit.framework in Frameworks */,
				189E66E1139C9C7B00A7FD18 /* Foundation.framework in Frameworks */,
				189E66E2139C9C7B00A7FD18 /* CoreGraphics.framework in Frameworks */,
			);
			runOnlyForDeploymentPostprocessing = 0;
		};
/* End PBXFrameworksBuildPhase section */

/* Begin PBXGroup section */
		189E66B0139C9C7A00A7FD18 = {
			isa = PBXGroup;
			children = (
				187A783E13AA1D340071A099 /* Default.png */,
				189E676A139DF1C200A7FD18 /* Icon@2x.png */,
				189E66C5139C9C7A00A7FD18 /* shifting list */,
				189E66E5139C9C7B00A7FD18 /* shifting listTests */,
				189E66BE139C9C7A00A7FD18 /* Frameworks */,
				189E66BC139C9C7A00A7FD18 /* Products */,
			);
			sourceTree = "<group>";
		};
		189E66BC139C9C7A00A7FD18 /* Products */ = {
			isa = PBXGroup;
			children = (
				189E66BB139C9C7A00A7FD18 /* shifting list.app */,
				189E66DF139C9C7B00A7FD18 /* shifting listTests.octest */,
			);
			name = Products;
			sourceTree = "<group>";
		};
		189E66BE139C9C7A00A7FD18 /* Frameworks */ = {
			isa = PBXGroup;
			children = (
				189E66BF139C9C7A00A7FD18 /* UIKit.framework */,
				189E66C1139C9C7A00A7FD18 /* Foundation.framework */,
				189E66C3139C9C7A00A7FD18 /* CoreGraphics.framework */,
			);
			name = Frameworks;
			sourceTree = "<group>";
		};
		189E66C5139C9C7A00A7FD18 /* shifting list */ = {
			isa = PBXGroup;
			children = (
				189E66CE139C9C7A00A7FD18 /* shifting_listAppDelegate.h */,
				189E66CF139C9C7A00A7FD18 /* shifting_listAppDelegate.m */,
				189E66D1139C9C7A00A7FD18 /* MainWindow.xib */,
				189E66D4139C9C7A00A7FD18 /* RootViewController.h */,
				189E66D5139C9C7A00A7FD18 /* RootViewController.m */,
				189E66D7139C9C7A00A7FD18 /* RootViewController.xib */,
				189E66C6139C9C7A00A7FD18 /* Supporting Files */,
			);
			path = "shifting list";
			sourceTree = "<group>";
		};
		189E66C6139C9C7A00A7FD18 /* Supporting Files */ = {
			isa = PBXGroup;
			children = (
				189E66C7139C9C7A00A7FD18 /* shifting list-Info.plist */,
				189E66C8139C9C7A00A7FD18 /* InfoPlist.strings */,
				189E66CB139C9C7A00A7FD18 /* shifting list-Prefix.pch */,
				189E66CC139C9C7A00A7FD18 /* main.m */,
			);
			name = "Supporting Files";
			sourceTree = "<group>";
		};
		189E66E5139C9C7B00A7FD18 /* shifting listTests */ = {
			isa = PBXGroup;
			children = (
				189E66EC139C9C7B00A7FD18 /* shifting_listTests.h */,
				189E66EE139C9C7B00A7FD18 /* shifting_listTests.m */,
				189E66E6139C9C7B00A7FD18 /* Supporting Files */,
			);
			path = "shifting listTests";
			sourceTree = "<group>";
		};
		189E66E6139C9C7B00A7FD18 /* Supporting Files */ = {
			isa = PBXGroup;
			children = (
				189E66E7139C9C7B00A7FD18 /* shifting listTests-Info.plist */,
				189E66E8139C9C7B00A7FD18 /* InfoPlist.strings */,
				189E66EB139C9C7B00A7FD18 /* shifting listTests-Prefix.pch */,
			);
			name = "Supporting Files";
			sourceTree = "<group>";
		};
/* End PBXGroup section */

/* Begin PBXNativeTarget section */
		189E66BA139C9C7A00A7FD18 /* shifting list */ = {
			isa = PBXNativeTarget;
			buildConfigurationList = 189E66F2139C9C7B00A7FD18 /* Build configuration list for PBXNativeTarget "shifting list" */;
			buildPhases = (
				189E66B7139C9C7A00A7FD18 /* Sources */,
				189E66B8139C9C7A00A7FD18 /* Frameworks */,
				189E66B9139C9C7A00A7FD18 /* Resources */,
			);
			buildRules = (
			);
			dependencies = (
			);
			name = "shifting list";
			productName = "shifting list";
			productReference = 189E66BB139C9C7A00A7FD18 /* shifting list.app */;
			productType = "com.apple.product-type.application";
		};
		189E66DE139C9C7B00A7FD18 /* shifting listTests */ = {
			isa = PBXNativeTarget;
			buildConfigurationList = 189E66F5139C9C7B00A7FD18 /* Build configuration list for PBXNativeTarget "shifting listTests" */;
			buildPhases = (
				189E66DA139C9C7B00A7FD18 /* Sources */,
				189E66DB139C9C7B00A7FD18 /* Frameworks */,
				189E66DC139C9C7B00A7FD18 /* Resources */,
				189E66DD139C9C7B00A7FD18 /* ShellScript */,
			);
			buildRules = (
			);
			dependencies = (
				189E66E4139C9C7B00A7FD18 /* PBXTargetDependency */,
			);
			name = "shifting listTests";
			productName = "shifting listTests";
			productReference = 189E66DF139C9C7B00A7FD18 /* shifting listTests.octest */;
			productType = "com.apple.product-type.bundle";
		};
/* End PBXNativeTarget section */

/* Begin PBXProject section */
		189E66B2139C9C7A00A7FD18 /* Project object */ = {
			isa = PBXProject;
			buildConfigurationList = 189E66B5139C9C7A00A7FD18 /* Build configuration list for PBXProject "shifting list" */;
			compatibilityVersion = "Xcode 3.2";
			developmentRegion = English;
			hasScannedForEncodings = 0;
			knownRegions = (
				en,
			);
			mainGroup = 189E66B0139C9C7A00A7FD18;
			productRefGroup = 189E66BC139C9C7A00A7FD18 /* Products */;
			projectDirPath = "";
			projectRoot = "";
			targets = (
				189E66BA139C9C7A00A7FD18 /* shifting list */,
				189E66DE139C9C7B00A7FD18 /* shifting listTests */,
			);
		};
/* End PBXProject section */

/* Begin PBXResourcesBuildPhase section */
		189E66B9139C9C7A00A7FD18 /* Resources */ = {
			isa = PBXResourcesBuildPhase;
			buildActionMask = 2147483647;
			files = (
				189E66CA139C9C7A00A7FD18 /* InfoPlist.strings in Resources */,
				189E66D3139C9C7A00A7FD18 /* MainWindow.xib in Resources */,
				189E66D9139C9C7A00A7FD18 /* RootViewController.xib in Resources */,
				189E676B139DF1C200A7FD18 /* Icon@2x.png in Resources */,
				187A783F13AA1D340071A099 /* Default.png in Resources */,
			);
			runOnlyForDeploymentPostprocessing = 0;
		};
		189E66DC139C9C7B00A7FD18 /* Resources */ = {
			isa = PBXResourcesBuildPhase;
			buildActionMask = 2147483647;
			files = (
				189E66EA139C9C7B00A7FD18 /* InfoPlist.strings in Resources */,
				189E66ED139C9C7B00A7FD18 /* shifting_listTests.h in Resources */,
			);
			runOnlyForDeploymentPostprocessing = 0;
		};
/* End PBXResourcesBuildPhase section */

/* Begin PBXShellScriptBuildPhase section */
		189E66DD139C9C7B00A7FD18 /* ShellScript */ = {
			isa = PBXShellScriptBuildPhase;
			buildActionMask = 2147483647;
			files = (
			);
			inputPaths = (
			);
			outputPaths = (
			);
			runOnlyForDeploymentPostprocessing = 0;
			shellPath = /bin/sh;
			shellScript = "# Run the unit tests in this test bundle.\n\"${SYSTEM_DEVELOPER_DIR}/Tools/RunUnitTests\"\n";
		};
/* End PBXShellScriptBuildPhase section */

/* Begin PBXSourcesBuildPhase section */
		189E66B7139C9C7A00A7FD18 /* Sources */ = {
			isa = PBXSourcesBuildPhase;
			buildActionMask = 2147483647;
			files = (
				189E66CD139C9C7A00A7FD18 /* main.m in Sources */,
				189E66D0139C9C7A00A7FD18 /* shifting_listAppDelegate.m in Sources */,
				189E66D6139C9C7A00A7FD18 /* RootViewController.m in Sources */,
			);
			runOnlyForDeploymentPostprocessing = 0;
		};
		189E66DA139C9C7B00A7FD18 /* Sources */ = {
			isa = PBXSourcesBuildPhase;
			buildActionMask = 2147483647;
			files = (
				189E66EF139C9C7B00A7FD18 /* shifting_listTests.m in Sources */,
			);
			runOnlyForDeploymentPostprocessing = 0;
		};
/* End PBXSourcesBuildPhase section */

/* Begin PBXTargetDependency section */
		189E66E4139C9C7B00A7FD18 /* PBXTargetDependency */ = {
			isa = PBXTargetDependency;
			target = 189E66BA139C9C7A00A7FD18 /* shifting list */;
			targetProxy = 189E66E3139C9C7B00A7FD18 /* PBXContainerItemProxy */;
		};
/* End PBXTargetDependency section */

/* Begin PBXVariantGroup section */
		189E66C8139C9C7A00A7FD18 /* InfoPlist.strings */ = {
			isa = PBXVariantGroup;
			children = (
				189E66C9139C9C7A00A7FD18 /* en */,
			);
			name = InfoPlist.strings;
			sourceTree = "<group>";
		};
		189E66D1139C9C7A00A7FD18 /* MainWindow.xib */ = {
			isa = PBXVariantGroup;
			children = (
				189E66D2139C9C7A00A7FD18 /* en */,
			);
			name = MainWindow.xib;
			sourceTree = "<group>";
		};
		189E66D7139C9C7A00A7FD18 /* RootViewController.xib */ = {
			isa = PBXVariantGroup;
			children = (
				189E66D8139C9C7A00A7FD18 /* en */,
			);
			name = RootViewController.xib;
			sourceTree = "<group>";
		};
		189E66E8139C9C7B00A7FD18 /* InfoPlist.strings */ = {
			isa = PBXVariantGroup;
			children = (
				189E66E9139C9C7B00A7FD18 /* en */,
			);
			name = InfoPlist.strings;
			sourceTree = "<group>";
		};
/* End PBXVariantGroup section */

/* Begin XCBuildConfiguration section */
		189E66F0139C9C7B00A7FD18 /* Debug */ = {
			isa = XCBuildConfiguration;
			buildSettings = {
				ARCHS = "$(ARCHS_STANDARD_32_BIT)";
				"CODE_SIGN_IDENTITY[sdk=iphoneos*]" = "iPhone Developer";
				GCC_C_LANGUAGE_STANDARD = gnu99;
				GCC_OPTIMIZATION_LEVEL = 0;
				GCC_PREPROCESSOR_DEFINITIONS = DEBUG;
				GCC_SYMBOLS_PRIVATE_EXTERN = NO;
				GCC_VERSION = com.apple.compilers.llvmgcc42;
				GCC_WARN_ABOUT_RETURN_TYPE = YES;
				GCC_WARN_UNUSED_VARIABLE = YES;
				IPHONEOS_DEPLOYMENT_TARGET = 4.3;
				SDKROOT = iphoneos;
			};
			name = Debug;
		};
		189E66F1139C9C7B00A7FD18 /* Release */ = {
			isa = XCBuildConfiguration;
			buildSettings = {
				ARCHS = "$(ARCHS_STANDARD_32_BIT)";
				"CODE_SIGN_IDENTITY[sdk=iphoneos*]" = "iPhone Developer";
				GCC_C_LANGUAGE_STANDARD = gnu99;
				GCC_VERSION = com.apple.compilers.llvmgcc42;
				GCC_WARN_ABOUT_RETURN_TYPE = YES;
				GCC_WARN_UNUSED_VARIABLE = YES;
				IPHONEOS_DEPLOYMENT_TARGET = 4.3;
				OTHER_CFLAGS = "-DNS_BLOCK_ASSERTIONS=1";
				SDKROOT = iphoneos;
			};
			name = Release;
		};
		189E66F3139C9C7B00A7FD18 /* Debug */ = {
			isa = XCBuildConfiguration;
			buildSettings = {
				ALWAYS_SEARCH_USER_PATHS = NO;
				COPY_PHASE_STRIP = NO;
				GCC_DYNAMIC_NO_PIC = NO;
				GCC_PRECOMPILE_PREFIX_HEADER = YES;
				GCC_PREFIX_HEADER = "shifting list/shifting list-Prefix.pch";
				INFOPLIST_FILE = "shifting list/shifting list-Info.plist";
				IPHONEOS_DEPLOYMENT_TARGET = 4.0;
				PRODUCT_NAME = "$(TARGET_NAME)";
				TARGETED_DEVICE_FAMILY = "1,2";
				WRAPPER_EXTENSION = app;
			};
			name = Debug;
		};
		189E66F4139C9C7B00A7FD18 /* Release */ = {
			isa = XCBuildConfiguration;
			buildSettings = {
				ALWAYS_SEARCH_USER_PATHS = NO;
				COPY_PHASE_STRIP = YES;
				GCC_PRECOMPILE_PREFIX_HEADER = YES;
				GCC_PREFIX_HEADER = "shifting list/shifting list-Prefix.pch";
				INFOPLIST_FILE = "shifting list/shifting list-Info.plist";
				IPHONEOS_DEPLOYMENT_TARGET = 4.0;
				PRODUCT_NAME = "$(TARGET_NAME)";
				TARGETED_DEVICE_FAMILY = "1,2";
				VALIDATE_PRODUCT = YES;
				WRAPPER_EXTENSION = app;
			};
			name = Release;
		};
		189E66F6139C9C7B00A7FD18 /* Debug */ = {
			isa = XCBuildConfiguration;
			buildSettings = {
				ALWAYS_SEARCH_USER_PATHS = NO;
				BUNDLE_LOADER = "$(BUILT_PRODUCTS_DIR)/shifting list.app/shifting list";
				FRAMEWORK_SEARCH_PATHS = (
					"$(SDKROOT)/Developer/Library/Frameworks",
					"$(DEVELOPER_LIBRARY_DIR)/Frameworks",
				);
				GCC_PRECOMPILE_PREFIX_HEADER = YES;
				GCC_PREFIX_HEADER = "shifting listTests/shifting listTests-Prefix.pch";
				INFOPLIST_FILE = "shifting listTests/shifting listTests-Info.plist";
				OTHER_LDFLAGS = (
					"-framework",
					SenTestingKit,
				);
				PRODUCT_NAME = "$(TARGET_NAME)";
				TEST_HOST = "$(BUNDLE_LOADER)";
				WRAPPER_EXTENSION = octest;
			};
			name = Debug;
		};
		189E66F7139C9C7B00A7FD18 /* Release */ = {
			isa = XCBuildConfiguration;
			buildSettings = {
				ALWAYS_SEARCH_USER_PATHS = NO;
				BUNDLE_LOADER = "$(BUILT_PRODUCTS_DIR)/shifting list.app/shifting list";
				FRAMEWORK_SEARCH_PATHS = (
					"$(SDKROOT)/Developer/Library/Frameworks",
					"$(DEVELOPER_LIBRARY_DIR)/Frameworks",
				);
				GCC_PRECOMPILE_PREFIX_HEADER = YES;
				GCC_PREFIX_HEADER = "shifting listTests/shifting listTests-Prefix.pch";
				INFOPLIST_FILE = "shifting listTests/shifting listTests-Info.plist";
				OTHER_LDFLAGS = (
					"-framework",
					SenTestingKit,
				);
				PRODUCT_NAME = "$(TARGET_NAME)";
				TEST_HOST = "$(BUNDLE_LOADER)";
				WRAPPER_EXTENSION = octest;
			};
			name = Release;
		};
/* End XCBuildConfiguration section */

/* Begin XCConfigurationList section */
		189E66B5139C9C7A00A7FD18 /* Build configuration list for PBXProject "shifting list" */ = {
			isa = XCConfigurationList;
			buildConfigurations = (
				189E66F0139C9C7B00A7FD18 /* Debug */,
				189E66F1139C9C7B00A7FD18 /* Release */,
			);
			defaultConfigurationIsVisible = 0;
			defaultConfigurationName = Release;
		};
		189E66F2139C9C7B00A7FD18 /* Build configuration list for PBXNativeTarget "shifting list" */ = {
			isa = XCConfigurationList;
			buildConfigurations = (
				189E66F3139C9C7B00A7FD18 /* Debug */,
				189E66F4139C9C7B00A7FD18 /* Release */,
			);
			defaultConfigurationIsVisible = 0;
			defaultConfigurationName = Release;
		};
		189E66F5139C9C7B00A7FD18 /* Build configuration list for PBXNativeTarget "shifting listTests" */ = {
			isa = XCConfigurationList;
			buildConfigurations = (
				189E66F6139C9C7B00A7FD18 /* Debug */,
				189E66F7139C9C7B00A7FD18 /* Release */,
			);
			defaultConfigurationIsVisible = 0;
			defaultConfigurationName = Release;
		};
/* End XCConfigurationList section */
	};
	rootObject = 189E66B2139C9C7A00A7FD18 /* Project object */;
}
